Microsoft Visual Studio Solution File, Format Version 12.00
# Visual Studio Version 17
VisualStudioVersion = 17.14.36414.22
MinimumVisualStudioVersion = 10.0.40219.1
Project("{FAE04EC0-301F-11D3-BF4B-00C04F79EFBC}") = "DaprAspire.AppHost", "DaprAspire.AppHost\DaprAspire.AppHost.csproj", "{82787A24-D6F9-4EA1-B881-18D8E73E7ED4}"
EndProject
Project("{FAE04EC0-301F-11D3-BF4B-00C04F79EFBC}") = "DaprAspire.ServiceDefaults", "DaprAspire.ServiceDefaults\DaprAspire.ServiceDefaults.csproj", "{8E795D23-E1B8-8E79-F295-BA83388AB817}"
EndProject
Project("{FAE04EC0-301F-11D3-BF4B-00C04F79EFBC}") = "DaprAspire.ApiService", "DaprAspire.ApiService\DaprAspire.ApiService.csproj", "{6D878DF3-FAE3-E3D0-B690-BAA5D59EF287}"
EndProject
Project("{FAE04EC0-301F-11D3-BF4B-00C04F79EFBC}") = "DaprAspire.Web", "DaprAspire.Web\DaprAspire.Web.csproj", "{E93A597D-4C52-D6EA-4D47-AEC3CC0FC6E8}"
EndProject
Project("{2150E333-8FDC-42A3-9474-1A3956D46DE8}") = "Solution Items", "Solution Items", "{8EC462FD-D22E-90A8-E5CE-7E832BA40C5D}"
	ProjectSection(SolutionItems) = preProject
		ReadMe.md = ReadMe.md
	EndProjectSection
EndProject
Global
	GlobalSection(SolutionConfigurationPlatforms) = preSolution
		Debug|Any CPU = Debug|Any CPU
		Release|Any CPU = Release|Any CPU
	EndGlobalSection
	GlobalSection(ProjectConfigurationPlatforms) = postSolution
		{82787A24-D6F9-4EA1-B881-18D8E73E7ED4}.Debug|Any CPU.ActiveCfg = Debug|Any CPU
		{82787A24-D6F9-4EA1-B881-18D8E73E7ED4}.Debug|Any CPU.Build.0 = Debug|Any CPU
		{82787A24-D6F9-4EA1-B881-18D8E73E7ED4}.Release|Any CPU.ActiveCfg = Release|Any CPU
		{82787A24-D6F9-4EA1-B881-18D8E73E7ED4}.Release|Any CPU.Build.0 = Release|Any CPU
		{8E795D23-E1B8-8E79-F295-BA83388AB817}.Debug|Any CPU.ActiveCfg = Debug|Any CPU
		{8E795D23-E1B8-8E79-F295-BA83388AB817}.Debug|Any CPU.Build.0 = Debug|Any CPU
		{8E795D23-E1B8-8E79-F295-BA83388AB817}.Release|Any CPU.ActiveCfg = Release|Any CPU
		{8E795D23-E1B8-8E79-F295-BA83388AB817}.Release|Any CPU.Build.0 = Release|Any CPU
		{6D878DF3-FAE3-E3D0-B690-BAA5D59EF287}.Debug|Any CPU.ActiveCfg = Debug|Any CPU
		{6D878DF3-FAE3-E3D0-B690-BAA5D59EF287}.Debug|Any CPU.Build.0 = Debug|Any CPU
		{6D878DF3-FAE3-E3D0-B690-BAA5D59EF287}.Release|Any CPU.ActiveCfg = Release|Any CPU
		{6D878DF3-FAE3-E3D0-B690-BAA5D59EF287}.Release|Any CPU.Build.0 = Release|Any CPU
		{E93A597D-4C52-D6EA-4D47-AEC3CC0FC6E8}.Debug|Any CPU.ActiveCfg = Debug|Any CPU
		{E93A597D-4C52-D6EA-4D47-AEC3CC0FC6E8}.Debug|Any CPU.Build.0 = Debug|Any CPU
		{E93A597D-4C52-D6EA-4D47-AEC3CC0FC6E8}.Release|Any CPU.ActiveCfg = Release|Any CPU
		{E93A597D-4C52-D6EA-4D47-AEC3CC0FC6E8}.Release|Any CPU.Build.0 = Release|Any CPU
	EndGlobalSection
	GlobalSection(SolutionProperties) = preSolution
		HideSolutionNode = FALSE
	EndGlobalSection
	GlobalSection(ExtensibilityGlobals) = postSolution
		SolutionGuid = {73F7D293-E26D-45BF-94CB-6BE5412E95DD}
	EndGlobalSection
EndGlobal
